
Microsoft Visual Studio Solution File, Format Version 12.00
# Visual Studio Version 17
VisualStudioVersion = 17.1.32407.343
MinimumVisualStudioVersion = 10.0.40219.1
Project("{FAE04EC0-301F-11D3-BF4B-00C04F79EFBC}") = "Venusos Botnet Server", "Venusos Botnet Server.csproj", "{D4236376-29B4-417B-84D5-A5CB981BEAC4}"
EndProject
Global
	GlobalSection(SolutionConfigurationPlatforms) = preSolution
		Debug|Any CPU = Debug|Any CPU
		Release|Any CPU = Release|Any CPU
	EndGlobalSection
	GlobalSection(ProjectConfigurationPlatforms) = postSolution
		{D4236376-29B4-417B-84D5-A5CB981BEAC4}.Debug|Any CPU.ActiveCfg = Debug|Any CPU
		{D4236376-29B4-417B-84D5-A5CB981BEAC4}.Debug|Any CPU.Build.0 = Debug|Any CPU
		{D4236376-29B4-417B-84D5-A5CB981BEAC4}.Release|Any CPU.ActiveCfg = Release|Any CPU
		{D4236376-29B4-417B-84D5-A5CB981BEAC4}.Release|Any CPU.Build.0 = Release|Any CPU
	EndGlobalSection
	GlobalSection(SolutionProperties) = preSolution
		HideSolutionNode = FALSE
	EndGlobalSection
	GlobalSection(ExtensibilityGlobals) = postSolution
		SolutionGuid = {8A871F08-2A10-438C-BA49-C6154A229000}
	EndGlobalSection
EndGlobal
